
Microsoft Visual Studio Solution File, Format Version 12.00
# Visual Studio 16
Project("{FAE04EC0-301F-11D3-BF4B-00C04F79EFBC}") = "UniRx", "UniRx.csproj", "{23AD7152-EA95-2749-A89C-B3B78B6DA9B6}"
EndProject
Project("{FAE04EC0-301F-11D3-BF4B-00C04F79EFBC}") = "Assembly-CSharp-firstpass", "Assembly-CSharp-firstpass.csproj", "{B4D204B2-0164-C064-2B6C-FA65CCC177E5}"
EndProject
Project("{FAE04EC0-301F-11D3-BF4B-00C04F79EFBC}") = "UniRx.Async", "UniRx.Async.csproj", "{513F18CF-A8B1-4E74-B50F-38EAEA61C51D}"
EndProject
Project("{FAE04EC0-301F-11D3-BF4B-00C04F79EFBC}") = "Assembly-CSharp", "Assembly-CSharp.csproj", "{4ADB9648-086E-A9E4-5DE1-4EF166435D32}"
EndProject
Project("{FAE04EC0-301F-11D3-BF4B-00C04F79EFBC}") = "Assembly-CSharp-Editor-firstpass", "Assembly-CSharp-Editor-firstpass.csproj", "{A7A74EEB-8D91-BAB4-2F00-B1FBD2B84E1C}"
EndProject
Project("{FAE04EC0-301F-11D3-BF4B-00C04F79EFBC}") = "UniRx.Async.Editor", "UniRx.Async.Editor.csproj", "{34E27FD9-CB88-9A22-08F9-A9A292A94452}"
EndProject
Global
	GlobalSection(SolutionConfigurationPlatforms) = preSolution
		Debug|Any CPU = Debug|Any CPU
		Release|Any CPU = Release|Any CPU
	EndGlobalSection
	GlobalSection(ProjectConfigurationPlatforms) = postSolution
		{23AD7152-EA95-2749-A89C-B3B78B6DA9B6}.Debug|Any CPU.ActiveCfg = Debug|Any CPU
		{23AD7152-EA95-2749-A89C-B3B78B6DA9B6}.Debug|Any CPU.Build.0 = Debug|Any CPU
		{23AD7152-EA95-2749-A89C-B3B78B6DA9B6}.Release|Any CPU.ActiveCfg = Release|Any CPU
		{23AD7152-EA95-2749-A89C-B3B78B6DA9B6}.Release|Any CPU.Build.0 = Release|Any CPU
		{B4D204B2-0164-C064-2B6C-FA65CCC177E5}.Debug|Any CPU.ActiveCfg = Debug|Any CPU
		{B4D204B2-0164-C064-2B6C-FA65CCC177E5}.Debug|Any CPU.Build.0 = Debug|Any CPU
		{B4D204B2-0164-C064-2B6C-FA65CCC177E5}.Release|Any CPU.ActiveCfg = Release|Any CPU
		{B4D204B2-0164-C064-2B6C-FA65CCC177E5}.Release|Any CPU.Build.0 = Release|Any CPU
		{513F18CF-A8B1-4E74-B50F-38EAEA61C51D}.Debug|Any CPU.ActiveCfg = Debug|Any CPU
		{513F18CF-A8B1-4E74-B50F-38EAEA61C51D}.Debug|Any CPU.Build.0 = Debug|Any CPU
		{513F18CF-A8B1-4E74-B50F-38EAEA61C51D}.Release|Any CPU.ActiveCfg = Release|Any CPU
		{513F18CF-A8B1-4E74-B50F-38EAEA61C51D}.Release|Any CPU.Build.0 = Release|Any CPU
		{4ADB9648-086E-A9E4-5DE1-4EF166435D32}.Debug|Any CPU.ActiveCfg = Debug|Any CPU
		{4ADB9648-086E-A9E4-5DE1-4EF166435D32}.Debug|Any CPU.Build.0 = Debug|Any CPU
		{4ADB9648-086E-A9E4-5DE1-4EF166435D32}.Release|Any CPU.ActiveCfg = Release|Any CPU
		{4ADB9648-086E-A9E4-5DE1-4EF166435D32}.Release|Any CPU.Build.0 = Release|Any CPU
		{A7A74EEB-8D91-BAB4-2F00-B1FBD2B84E1C}.Debug|Any CPU.ActiveCfg = Debug|Any CPU
		{A7A74EEB-8D91-BAB4-2F00-B1FBD2B84E1C}.Debug|Any CPU.Build.0 = Debug|Any CPU
		{A7A74EEB-8D91-BAB4-2F00-B1FBD2B84E1C}.Release|Any CPU.ActiveCfg = Release|Any CPU
		{A7A74EEB-8D91-BAB4-2F00-B1FBD2B84E1C}.Release|Any CPU.Build.0 = Release|Any CPU
		{34E27FD9-CB88-9A22-08F9-A9A292A94452}.Debug|Any CPU.ActiveCfg = Debug|Any CPU
		{34E27FD9-CB88-9A22-08F9-A9A292A94452}.Debug|Any CPU.Build.0 = Debug|Any CPU
		{34E27FD9-CB88-9A22-08F9-A9A292A94452}.Release|Any CPU.ActiveCfg = Release|Any CPU
		{34E27FD9-CB88-9A22-08F9-A9A292A94452}.Release|Any CPU.Build.0 = Release|Any CPU
	EndGlobalSection
	GlobalSection(SolutionProperties) = preSolution
		HideSolutionNode = FALSE
	EndGlobalSection
EndGlobal
