
Microsoft Visual Studio Solution File, Format Version 12.00
# Visual Studio Version 16
VisualStudioVersion = 16.0.31112.23
MinimumVisualStudioVersion = 10.0.40219.1
Project("{9A19103F-16F7-4668-BE54-9A1E7A4F7556}") = "Protobuf", "Protobuf\Protobuf.csproj", "{13D03981-E97E-47D1-959F-D5AE8260C676}"
EndProject
Project("{9A19103F-16F7-4668-BE54-9A1E7A4F7556}") = "Ros", "Ros\Ros.csproj", "{AFC99927-2701-4867-957D-4DF5A8121DBF}"
EndProject
Project("{9A19103F-16F7-4668-BE54-9A1E7A4F7556}") = "Ros.Tests", "Ros.Tests\Ros.Tests.csproj", "{D2126F38-46AF-4335-B005-2B2AE4A76A09}"
EndProject
Project("{9A19103F-16F7-4668-BE54-9A1E7A4F7556}") = "ContextMenuSetter", "ContextMenuSetter\ContextMenuSetter.csproj", "{18ECD5A4-6E6E-40AB-8B0D-8D9C45CD32A4}"
EndProject
Project("{9A19103F-16F7-4668-BE54-9A1E7A4F7556}") = "RosMessageParserGenerator", "RosMessageParserGenerator\RosMessageParserGenerator.csproj", "{CA207A65-DF3B-42A8-B3C0-67A80A1F1681}"
EndProject
Project("{9A19103F-16F7-4668-BE54-9A1E7A4F7556}") = "Updater", "Updater\Updater.csproj", "{9DA6D04C-77E8-4D8D-96DD-32BC848DBE51}"
EndProject
Project("{FAE04EC0-301F-11D3-BF4B-00C04F79EFBC}") = "Protobuf.Tests.Internal", "Protobuf.Tests.Internal\Protobuf.Tests.Internal.csproj", "{2A3C4870-1B9F-43EB-B66B-156366F88D15}"
EndProject
Project("{FAE04EC0-301F-11D3-BF4B-00C04F79EFBC}") = "Protobuf.Tests.Elektronik", "Protobuf.Tests.Elektronik\Protobuf.Tests.Elektronik.csproj", "{C1BE98FA-B011-4C06-9124-965079825D42}"
EndProject
Project("{FAE04EC0-301F-11D3-BF4B-00C04F79EFBC}") = "Ros.Exporter", "Ros.Exporter\Ros.Exporter.csproj", "{0E7C944B-F608-452C-BAAB-496B0601AD3E}"
EndProject
Project("{FAE04EC0-301F-11D3-BF4B-00C04F79EFBC}") = "Protobuf.Benchmarks", "Protobuf.Benchmarks\Protobuf.Benchmarks.csproj", "{EF4BC2CD-30B5-4E40-9921-EF44825E37DD}"
EndProject
Project("{FAE04EC0-301F-11D3-BF4B-00C04F79EFBC}") = "Clusterization.KMeans", "Clusterization.KMeans\Clusterization.KMeans.csproj", "{4C4BB0E5-928A-4B96-843D-931F23B030FF}"
EndProject
Project("{FAE04EC0-301F-11D3-BF4B-00C04F79EFBC}") = "Clusterization.PlanesDetection", "Clusterization.PlanesDetection\Clusterization.PlanesDetection.csproj", "{E015921B-A8D5-42D8-B88A-58280488460B}"
EndProject
Global
	GlobalSection(SolutionConfigurationPlatforms) = preSolution
		Debug|Any CPU = Debug|Any CPU
		Debug|x64 = Debug|x64
		Debug|x86 = Debug|x86
		Release|Any CPU = Release|Any CPU
		Release|x64 = Release|x64
		Release|x86 = Release|x86
	EndGlobalSection
	GlobalSection(ProjectConfigurationPlatforms) = postSolution
		{13D03981-E97E-47D1-959F-D5AE8260C676}.Debug|Any CPU.ActiveCfg = Debug|Any CPU
		{13D03981-E97E-47D1-959F-D5AE8260C676}.Debug|Any CPU.Build.0 = Debug|Any CPU
		{13D03981-E97E-47D1-959F-D5AE8260C676}.Debug|x64.ActiveCfg = Debug|Any CPU
		{13D03981-E97E-47D1-959F-D5AE8260C676}.Debug|x64.Build.0 = Debug|Any CPU
		{13D03981-E97E-47D1-959F-D5AE8260C676}.Debug|x86.ActiveCfg = Debug|Any CPU
		{13D03981-E97E-47D1-959F-D5AE8260C676}.Debug|x86.Build.0 = Debug|Any CPU
		{13D03981-E97E-47D1-959F-D5AE8260C676}.Release|Any CPU.ActiveCfg = Release|Any CPU
		{13D03981-E97E-47D1-959F-D5AE8260C676}.Release|Any CPU.Build.0 = Release|Any CPU
		{13D03981-E97E-47D1-959F-D5AE8260C676}.Release|x64.ActiveCfg = Release|Any CPU
		{13D03981-E97E-47D1-959F-D5AE8260C676}.Release|x64.Build.0 = Release|Any CPU
		{13D03981-E97E-47D1-959F-D5AE8260C676}.Release|x86.ActiveCfg = Release|Any CPU
		{13D03981-E97E-47D1-959F-D5AE8260C676}.Release|x86.Build.0 = Release|Any CPU
		{AFC99927-2701-4867-957D-4DF5A8121DBF}.Debug|Any CPU.ActiveCfg = Debug|Any CPU
		{AFC99927-2701-4867-957D-4DF5A8121DBF}.Debug|Any CPU.Build.0 = Debug|Any CPU
		{AFC99927-2701-4867-957D-4DF5A8121DBF}.Debug|x64.ActiveCfg = Debug|Any CPU
		{AFC99927-2701-4867-957D-4DF5A8121DBF}.Debug|x64.Build.0 = Debug|Any CPU
		{AFC99927-2701-4867-957D-4DF5A8121DBF}.Debug|x86.ActiveCfg = Debug|Any CPU
		{AFC99927-2701-4867-957D-4DF5A8121DBF}.Debug|x86.Build.0 = Debug|Any CPU
		{AFC99927-2701-4867-957D-4DF5A8121DBF}.Release|Any CPU.ActiveCfg = Release|Any CPU
		{AFC99927-2701-4867-957D-4DF5A8121DBF}.Release|Any CPU.Build.0 = Release|Any CPU
		{AFC99927-2701-4867-957D-4DF5A8121DBF}.Release|x64.ActiveCfg = Release|Any CPU
		{AFC99927-2701-4867-957D-4DF5A8121DBF}.Release|x64.Build.0 = Release|Any CPU
		{AFC99927-2701-4867-957D-4DF5A8121DBF}.Release|x86.ActiveCfg = Release|Any CPU
		{AFC99927-2701-4867-957D-4DF5A8121DBF}.Release|x86.Build.0 = Release|Any CPU
		{D2126F38-46AF-4335-B005-2B2AE4A76A09}.Debug|Any CPU.ActiveCfg = Debug|Any CPU
		{D2126F38-46AF-4335-B005-2B2AE4A76A09}.Debug|Any CPU.Build.0 = Debug|Any CPU
		{D2126F38-46AF-4335-B005-2B2AE4A76A09}.Debug|x64.ActiveCfg = Debug|Any CPU
		{D2126F38-46AF-4335-B005-2B2AE4A76A09}.Debug|x64.Build.0 = Debug|Any CPU
		{D2126F38-46AF-4335-B005-2B2AE4A76A09}.Debug|x86.ActiveCfg = Debug|Any CPU
		{D2126F38-46AF-4335-B005-2B2AE4A76A09}.Debug|x86.Build.0 = Debug|Any CPU
		{D2126F38-46AF-4335-B005-2B2AE4A76A09}.Release|Any CPU.ActiveCfg = Release|Any CPU
		{D2126F38-46AF-4335-B005-2B2AE4A76A09}.Release|Any CPU.Build.0 = Release|Any CPU
		{D2126F38-46AF-4335-B005-2B2AE4A76A09}.Release|x64.ActiveCfg = Release|Any CPU
		{D2126F38-46AF-4335-B005-2B2AE4A76A09}.Release|x64.Build.0 = Release|Any CPU
		{D2126F38-46AF-4335-B005-2B2AE4A76A09}.Release|x86.ActiveCfg = Release|Any CPU
		{D2126F38-46AF-4335-B005-2B2AE4A76A09}.Release|x86.Build.0 = Release|Any CPU
		{18ECD5A4-6E6E-40AB-8B0D-8D9C45CD32A4}.Debug|Any CPU.ActiveCfg = Debug|Any CPU
		{18ECD5A4-6E6E-40AB-8B0D-8D9C45CD32A4}.Debug|Any CPU.Build.0 = Debug|Any CPU
		{18ECD5A4-6E6E-40AB-8B0D-8D9C45CD32A4}.Debug|x64.ActiveCfg = Debug|Any CPU
		{18ECD5A4-6E6E-40AB-8B0D-8D9C45CD32A4}.Debug|x64.Build.0 = Debug|Any CPU
		{18ECD5A4-6E6E-40AB-8B0D-8D9C45CD32A4}.Debug|x86.ActiveCfg = Debug|Any CPU
		{18ECD5A4-6E6E-40AB-8B0D-8D9C45CD32A4}.Debug|x86.Build.0 = Debug|Any CPU
		{18ECD5A4-6E6E-40AB-8B0D-8D9C45CD32A4}.Release|Any CPU.ActiveCfg = Release|Any CPU
		{18ECD5A4-6E6E-40AB-8B0D-8D9C45CD32A4}.Release|Any CPU.Build.0 = Release|Any CPU
		{18ECD5A4-6E6E-40AB-8B0D-8D9C45CD32A4}.Release|x64.ActiveCfg = Release|Any CPU
		{18ECD5A4-6E6E-40AB-8B0D-8D9C45CD32A4}.Release|x64.Build.0 = Release|Any CPU
		{18ECD5A4-6E6E-40AB-8B0D-8D9C45CD32A4}.Release|x86.ActiveCfg = Release|Any CPU
		{18ECD5A4-6E6E-40AB-8B0D-8D9C45CD32A4}.Release|x86.Build.0 = Release|Any CPU
		{CA207A65-DF3B-42A8-B3C0-67A80A1F1681}.Debug|Any CPU.ActiveCfg = Debug|Any CPU
		{CA207A65-DF3B-42A8-B3C0-67A80A1F1681}.Debug|Any CPU.Build.0 = Debug|Any CPU
		{CA207A65-DF3B-42A8-B3C0-67A80A1F1681}.Debug|x64.ActiveCfg = Debug|Any CPU
		{CA207A65-DF3B-42A8-B3C0-67A80A1F1681}.Debug|x64.Build.0 = Debug|Any CPU
		{CA207A65-DF3B-42A8-B3C0-67A80A1F1681}.Debug|x86.ActiveCfg = Debug|Any CPU
		{CA207A65-DF3B-42A8-B3C0-67A80A1F1681}.Debug|x86.Build.0 = Debug|Any CPU
		{CA207A65-DF3B-42A8-B3C0-67A80A1F1681}.Release|Any CPU.ActiveCfg = Release|Any CPU
		{CA207A65-DF3B-42A8-B3C0-67A80A1F1681}.Release|Any CPU.Build.0 = Release|Any CPU
		{CA207A65-DF3B-42A8-B3C0-67A80A1F1681}.Release|x64.ActiveCfg = Release|Any CPU
		{CA207A65-DF3B-42A8-B3C0-67A80A1F1681}.Release|x64.Build.0 = Release|Any CPU
		{CA207A65-DF3B-42A8-B3C0-67A80A1F1681}.Release|x86.ActiveCfg = Release|Any CPU
		{CA207A65-DF3B-42A8-B3C0-67A80A1F1681}.Release|x86.Build.0 = Release|Any CPU
		{9DA6D04C-77E8-4D8D-96DD-32BC848DBE51}.Debug|Any CPU.ActiveCfg = Debug|Any CPU
		{9DA6D04C-77E8-4D8D-96DD-32BC848DBE51}.Debug|Any CPU.Build.0 = Debug|Any CPU
		{9DA6D04C-77E8-4D8D-96DD-32BC848DBE51}.Debug|x64.ActiveCfg = Debug|Any CPU
		{9DA6D04C-77E8-4D8D-96DD-32BC848DBE51}.Debug|x64.Build.0 = Debug|Any CPU
		{9DA6D04C-77E8-4D8D-96DD-32BC848DBE51}.Debug|x86.ActiveCfg = Debug|Any CPU
		{9DA6D04C-77E8-4D8D-96DD-32BC848DBE51}.Debug|x86.Build.0 = Debug|Any CPU
		{9DA6D04C-77E8-4D8D-96DD-32BC848DBE51}.Release|Any CPU.ActiveCfg = Release|Any CPU
		{9DA6D04C-77E8-4D8D-96DD-32BC848DBE51}.Release|Any CPU.Build.0 = Release|Any CPU
		{9DA6D04C-77E8-4D8D-96DD-32BC848DBE51}.Release|x64.ActiveCfg = Release|Any CPU
		{9DA6D04C-77E8-4D8D-96DD-32BC848DBE51}.Release|x64.Build.0 = Release|Any CPU
		{9DA6D04C-77E8-4D8D-96DD-32BC848DBE51}.Release|x86.ActiveCfg = Release|Any CPU
		{9DA6D04C-77E8-4D8D-96DD-32BC848DBE51}.Release|x86.Build.0 = Release|Any CPU
		{2A3C4870-1B9F-43EB-B66B-156366F88D15}.Debug|Any CPU.ActiveCfg = Debug|Any CPU
		{2A3C4870-1B9F-43EB-B66B-156366F88D15}.Debug|Any CPU.Build.0 = Debug|Any CPU
		{2A3C4870-1B9F-43EB-B66B-156366F88D15}.Debug|x64.ActiveCfg = Debug|Any CPU
		{2A3C4870-1B9F-43EB-B66B-156366F88D15}.Debug|x64.Build.0 = Debug|Any CPU
		{2A3C4870-1B9F-43EB-B66B-156366F88D15}.Debug|x86.ActiveCfg = Debug|Any CPU
		{2A3C4870-1B9F-43EB-B66B-156366F88D15}.Debug|x86.Build.0 = Debug|Any CPU
		{2A3C4870-1B9F-43EB-B66B-156366F88D15}.Release|Any CPU.ActiveCfg = Release|Any CPU
		{2A3C4870-1B9F-43EB-B66B-156366F88D15}.Release|Any CPU.Build.0 = Release|Any CPU
		{2A3C4870-1B9F-43EB-B66B-156366F88D15}.Release|x64.ActiveCfg = Release|Any CPU
		{2A3C4870-1B9F-43EB-B66B-156366F88D15}.Release|x64.Build.0 = Release|Any CPU
		{2A3C4870-1B9F-43EB-B66B-156366F88D15}.Release|x86.ActiveCfg = Release|Any CPU
		{2A3C4870-1B9F-43EB-B66B-156366F88D15}.Release|x86.Build.0 = Release|Any CPU
		{C1BE98FA-B011-4C06-9124-965079825D42}.Debug|Any CPU.ActiveCfg = Debug|Any CPU
		{C1BE98FA-B011-4C06-9124-965079825D42}.Debug|Any CPU.Build.0 = Debug|Any CPU
		{C1BE98FA-B011-4C06-9124-965079825D42}.Debug|x64.ActiveCfg = Debug|Any CPU
		{C1BE98FA-B011-4C06-9124-965079825D42}.Debug|x64.Build.0 = Debug|Any CPU
		{C1BE98FA-B011-4C06-9124-965079825D42}.Debug|x86.ActiveCfg = Debug|Any CPU
		{C1BE98FA-B011-4C06-9124-965079825D42}.Debug|x86.Build.0 = Debug|Any CPU
		{C1BE98FA-B011-4C06-9124-965079825D42}.Release|Any CPU.ActiveCfg = Release|Any CPU
		{C1BE98FA-B011-4C06-9124-965079825D42}.Release|Any CPU.Build.0 = Release|Any CPU
		{C1BE98FA-B011-4C06-9124-965079825D42}.Release|x64.ActiveCfg = Release|Any CPU
		{C1BE98FA-B011-4C06-9124-965079825D42}.Release|x64.Build.0 = Release|Any CPU
		{C1BE98FA-B011-4C06-9124-965079825D42}.Release|x86.ActiveCfg = Release|Any CPU
		{C1BE98FA-B011-4C06-9124-965079825D42}.Release|x86.Build.0 = Release|Any CPU
		{0E7C944B-F608-452C-BAAB-496B0601AD3E}.Debug|Any CPU.ActiveCfg = Debug|Any CPU
		{0E7C944B-F608-452C-BAAB-496B0601AD3E}.Debug|Any CPU.Build.0 = Debug|Any CPU
		{0E7C944B-F608-452C-BAAB-496B0601AD3E}.Debug|x64.ActiveCfg = Debug|Any CPU
		{0E7C944B-F608-452C-BAAB-496B0601AD3E}.Debug|x64.Build.0 = Debug|Any CPU
		{0E7C944B-F608-452C-BAAB-496B0601AD3E}.Debug|x86.ActiveCfg = Debug|Any CPU
		{0E7C944B-F608-452C-BAAB-496B0601AD3E}.Debug|x86.Build.0 = Debug|Any CPU
		{0E7C944B-F608-452C-BAAB-496B0601AD3E}.Release|Any CPU.ActiveCfg = Release|Any CPU
		{0E7C944B-F608-452C-BAAB-496B0601AD3E}.Release|Any CPU.Build.0 = Release|Any CPU
		{0E7C944B-F608-452C-BAAB-496B0601AD3E}.Release|x64.ActiveCfg = Release|Any CPU
		{0E7C944B-F608-452C-BAAB-496B0601AD3E}.Release|x64.Build.0 = Release|Any CPU
		{0E7C944B-F608-452C-BAAB-496B0601AD3E}.Release|x86.ActiveCfg = Release|Any CPU
		{0E7C944B-F608-452C-BAAB-496B0601AD3E}.Release|x86.Build.0 = Release|Any CPU
		{EF4BC2CD-30B5-4E40-9921-EF44825E37DD}.Debug|Any CPU.ActiveCfg = Debug|Any CPU
		{EF4BC2CD-30B5-4E40-9921-EF44825E37DD}.Debug|Any CPU.Build.0 = Debug|Any CPU
		{EF4BC2CD-30B5-4E40-9921-EF44825E37DD}.Debug|x64.ActiveCfg = Debug|Any CPU
		{EF4BC2CD-30B5-4E40-9921-EF44825E37DD}.Debug|x64.Build.0 = Debug|Any CPU
		{EF4BC2CD-30B5-4E40-9921-EF44825E37DD}.Debug|x86.ActiveCfg = Debug|Any CPU
		{EF4BC2CD-30B5-4E40-9921-EF44825E37DD}.Debug|x86.Build.0 = Debug|Any CPU
		{EF4BC2CD-30B5-4E40-9921-EF44825E37DD}.Release|Any CPU.ActiveCfg = Release|Any CPU
		{EF4BC2CD-30B5-4E40-9921-EF44825E37DD}.Release|Any CPU.Build.0 = Release|Any CPU
		{EF4BC2CD-30B5-4E40-9921-EF44825E37DD}.Release|x64.ActiveCfg = Release|Any CPU
		{EF4BC2CD-30B5-4E40-9921-EF44825E37DD}.Release|x64.Build.0 = Release|Any CPU
		{EF4BC2CD-30B5-4E40-9921-EF44825E37DD}.Release|x86.ActiveCfg = Release|Any CPU
		{EF4BC2CD-30B5-4E40-9921-EF44825E37DD}.Release|x86.Build.0 = Release|Any CPU
		{4C4BB0E5-928A-4B96-843D-931F23B030FF}.Debug|Any CPU.ActiveCfg = Debug|Any CPU
		{4C4BB0E5-928A-4B96-843D-931F23B030FF}.Debug|Any CPU.Build.0 = Debug|Any CPU
		{4C4BB0E5-928A-4B96-843D-931F23B030FF}.Debug|x64.ActiveCfg = Debug|Any CPU
		{4C4BB0E5-928A-4B96-843D-931F23B030FF}.Debug|x64.Build.0 = Debug|Any CPU
		{4C4BB0E5-928A-4B96-843D-931F23B030FF}.Debug|x86.ActiveCfg = Debug|Any CPU
		{4C4BB0E5-928A-4B96-843D-931F23B030FF}.Debug|x86.Build.0 = Debug|Any CPU
		{4C4BB0E5-928A-4B96-843D-931F23B030FF}.Release|Any CPU.ActiveCfg = Release|Any CPU
		{4C4BB0E5-928A-4B96-843D-931F23B030FF}.Release|Any CPU.Build.0 = Release|Any CPU
		{4C4BB0E5-928A-4B96-843D-931F23B030FF}.Release|x64.ActiveCfg = Release|Any CPU
		{4C4BB0E5-928A-4B96-843D-931F23B030FF}.Release|x64.Build.0 = Release|Any CPU
		{4C4BB0E5-928A-4B96-843D-931F23B030FF}.Release|x86.ActiveCfg = Release|Any CPU
		{4C4BB0E5-928A-4B96-843D-931F23B030FF}.Release|x86.Build.0 = Release|Any CPU
		{E015921B-A8D5-42D8-B88A-58280488460B}.Debug|Any CPU.ActiveCfg = Debug|Any CPU
		{E015921B-A8D5-42D8-B88A-58280488460B}.Debug|Any CPU.Build.0 = Debug|Any CPU
		{E015921B-A8D5-42D8-B88A-58280488460B}.Debug|x64.ActiveCfg = Debug|Any CPU
		{E015921B-A8D5-42D8-B88A-58280488460B}.Debug|x64.Build.0 = Debug|Any CPU
		{E015921B-A8D5-42D8-B88A-58280488460B}.Debug|x86.ActiveCfg = Debug|Any CPU
		{E015921B-A8D5-42D8-B88A-58280488460B}.Debug|x86.Build.0 = Debug|Any CPU
		{E015921B-A8D5-42D8-B88A-58280488460B}.Release|Any CPU.ActiveCfg = Release|Any CPU
		{E015921B-A8D5-42D8-B88A-58280488460B}.Release|Any CPU.Build.0 = Release|Any CPU
		{E015921B-A8D5-42D8-B88A-58280488460B}.Release|x64.ActiveCfg = Release|Any CPU
		{E015921B-A8D5-42D8-B88A-58280488460B}.Release|x64.Build.0 = Release|Any CPU
		{E015921B-A8D5-42D8-B88A-58280488460B}.Release|x86.ActiveCfg = Release|Any CPU
		{E015921B-A8D5-42D8-B88A-58280488460B}.Release|x86.Build.0 = Release|Any CPU
	EndGlobalSection
	GlobalSection(SolutionProperties) = preSolution
		HideSolutionNode = FALSE
	EndGlobalSection
	GlobalSection(ExtensibilityGlobals) = postSolution
		SolutionGuid = {6B3C1744-FE8E-4ADC-BB1D-C2233CA73977}
	EndGlobalSection
EndGlobal
