
Microsoft Visual Studio Solution File, Format Version 12.00
# Visual Studio Version 16
VisualStudioVersion = 16.0.30225.117
MinimumVisualStudioVersion = 10.0.40219.1
Project("{FAE04EC0-301F-11D3-BF4B-00C04F79EFBC}") = "csharp", "csharp\csharp.csproj", "{7BAD400B-02A9-498F-9ED5-F34F7D98D978}"
EndProject
Global
	GlobalSection(SolutionConfigurationPlatforms) = preSolution
		Debug|Any CPU = Debug|Any CPU
		Release|Any CPU = Release|Any CPU
	EndGlobalSection
	GlobalSection(ProjectConfigurationPlatforms) = postSolution
		{7BAD400B-02A9-498F-9ED5-F34F7D98D978}.Debug|Any CPU.ActiveCfg = Debug|Any CPU
		{7BAD400B-02A9-498F-9ED5-F34F7D98D978}.Debug|Any CPU.Build.0 = Debug|Any CPU
		{7BAD400B-02A9-498F-9ED5-F34F7D98D978}.Release|Any CPU.ActiveCfg = Release|Any CPU
		{7BAD400B-02A9-498F-9ED5-F34F7D98D978}.Release|Any CPU.Build.0 = Release|Any CPU
	EndGlobalSection
	GlobalSection(SolutionProperties) = preSolution
		HideSolutionNode = FALSE
	EndGlobalSection
	GlobalSection(ExtensibilityGlobals) = postSolution
		SolutionGuid = {BF33425D-D9F2-40D5-BD1D-15A710B0AF20}
	EndGlobalSection
EndGlobal
